# Fully resolved release runtime for CPython 3.12 on macOS arm64.
# Generated from requirements-macos-arm64.txt on 2026-09-04. Every wheel is
# installed with --no-deps --require-hashes; regenerate and review this file
# whenever a direct dependency changes.
anyio==4.15.0 --hash=sha256:7ecd9937369ffce8bba0b5ccb9b3a9507b101b0ed50256aecfbab27e6c2acb99
certifi==2026.7.22 --hash=sha256:62f22742b58a1a33014a2b6b706588a8d7e2a88ae7bd1a6ebe8c992928483775
charset-normalizer==3.5.1 --hash=sha256:5b6d1386bf0096d26d3a863dc0a487a5b4eb9aa93cf5ba69683d29dde6b9d60f
click==8.5.0 --hash=sha256:255bc9599cf7748b4b1a446ccc735421bd08a2ae529a8b88597d3de5664ee360
exceptiongroup==1.3.1 --hash=sha256:a7a39a3bd276781e98394987d3a5701d0c4edffb633bb7a5144577f82c773598
filelock==3.32.5 --hash=sha256:142cd9fa77a872c5e78c62329a0d15278fadc686eb89e760017968961a4fd6b2
fsspec==2026.7.0 --hash=sha256:b57ddbafedfaef7018c1ecab32aa200a9d7ca26b77965f64e48b70061249d279
h11==0.16.0 --hash=sha256:63cf8bbe7522de3bf65932fda1d9c2772064ffb3dae62d55932da54b31cb6c86
hf-xet==1.6.0 --hash=sha256:f0906082d9932ae0c0057fa194041c22b4e2cdb46b2592ef3b91f020d62a081a
httpcore==1.0.9 --hash=sha256:2d400746a40668fc9dec9810239072b40b4484b640a8c38fd654a024c7a1bf55
httpx==0.28.1 --hash=sha256:d909fcccc110f8c7faf814ca82a9a4d816bc5a6dbfea25d6591d6985b8ba59ad
huggingface-hub==1.26.0 --hash=sha256:e8cca670caa5d8dfa7e45bf45e86b466698198cd8150c021bcdb4a86b9252364
idna==3.19 --hash=sha256:815e7be7a7806d54abb586dc943addc79e8b2ee16915059658cbeff4b1b43bf4
llvmlite==0.49.0 --hash=sha256:b541c8fac3450db7574d1f53cf9dff83f285bfed9d69bf81fe71fc2a7d4f97fe
mlx==0.29.4 --hash=sha256:5d9abfd01c6a4046018d07f5987921a08d29ef95b5522ed77ab79d6a093c8746
mlx-metal==0.29.4 --hash=sha256:6068e4149cafaa18b782949f6dcd734351bc61d5a3fd2d5f71b2a63c73772dfe
mlx-qwen3-asr==0.3.5 --hash=sha256:5c7169392a8d06f38ccc791b768cdc9e7fd6038a34130576c2af8b3afa28d06b
numba==0.67.0 --hash=sha256:6004d8d5f28d4028687fb2d972d629295b13685943bd2ed5cd8810c3b848e219
numpy==2.5.1 --hash=sha256:78798bd5b9ad744056af8efa90e3b9ddaa53272a0848a483084a1cc0a13b2dc0
packaging==26.3 --hash=sha256:d7193f7c8e4e93f444fde0262bf90af30e16fa0ad0ad44cb553c87339b23cd1c
pyyaml==6.0.3 --hash=sha256:fc09d0aa354569bc501d4e787133afc08552722d3ab34836a80547331bb5d4a0
regex==2026.9.3 --hash=sha256:1f22e0d21ae7016c77175c139a7fca465b988efc1280df4816c79752068d9e2e
requests==2.34.2 --hash=sha256:2a0d60c172f83ac6ab31e4554906c0f3b3588d37b5cb939b1c061f4907e278e0
scipy==1.18.1 --hash=sha256:7bbf207c4453ce1ad2e00b17313852b33310b83090c2311bdaf97f93c0380d12
tiktoken==0.14.0 --hash=sha256:d6cebe67765569df3dafac8474e4eccf5c19d24140492567a5e58a11445732a4
tqdm==4.70.0 --hash=sha256:7f585706bfddbdebf89daac705b2dfcc16890130727d3197ca62c732b4310953
typing-extensions==4.16.0 --hash=sha256:481caa481374e813c1b176ada14e97f1f67a4539ce9cfeb3f350d78d6370c2e8
urllib3==2.7.0 --hash=sha256:9fb4c81ebbb1ce9531cce37674bbc6f1360472bc18ca9a553ede278ef7276897
